// !$*UTF8*$!
{
	archiveVersion = 1;
	classes = {
	};
	objectVersion = 46;
	objects = {

/* Begin PBXBuildFile section */
		131BEC01C0336CCF3E2F8AF9 /* libPods-Restaurando.a in Frameworks */ = {isa = PBXBuildFile; fileRef = D521A49F596AC2B0403556AD /* libPods-Restaurando.a */; };
		3C1730451D33FF5B008256AF /* AppDelegate.swift in Sources */ = {isa = PBXBuildFile; fileRef = 3C1730441D33FF5B008256AF /* AppDelegate.swift */; };
		3C1730471D33FF5B008256AF /* ViewController.swift in Sources */ = {isa = PBXBuildFile; fileRef = 3C1730461D33FF5B008256AF /* ViewController.swift */; };
		3C17304A1D33FF5B008256AF /* Main.storyboard in Resources */ = {isa = PBXBuildFile; fileRef = 3C1730481D33FF5B008256AF /* Main.storyboard */; };
		3C17304C1D33FF5B008256AF /* Assets.xcassets in Resources */ = {isa = PBXBuildFile; fileRef = 3C17304B1D33FF5B008256AF /* Assets.xcassets */; };
		3C17304F1D33FF5B008256AF /* LaunchScreen.storyboard in Resources */ = {isa = PBXBuildFile; fileRef = 3C17304D1D33FF5B008256AF /* LaunchScreen.storyboard */; };
		3CC304701D36E37A00001831 /* RandomType.swift in Sources */ = {isa = PBXBuildFile; fileRef = 3CC3046F1D36E37A00001831 /* RandomType.swift */; };
		3CC304741D36FF5C00001831 /* RandomSelector.swift in Sources */ = {isa = PBXBuildFile; fileRef = 3CC304731D36FF5C00001831 /* RandomSelector.swift */; };
/* End PBXBuildFile section */

/* Begin PBXFileReference section */
		3C1730411D33FF5B008256AF /* Restaurando.app */ = {isa = PBXFileReference; explicitFileType = wrapper.application; includeInIndex = 0; path = Restaurando.app; sourceTree = BUILT_PRODUCTS_DIR; };
		3C1730441D33FF5B008256AF /* AppDelegate.swift */ = {isa = PBXFileReference; lastKnownFileType = sourcecode.swift; path = AppDelegate.swift; sourceTree = "<group>"; };
		3C1730461D33FF5B008256AF /* ViewController.swift */ = {isa = PBXFileReference; lastKnownFileType = sourcecode.swift; path = ViewController.swift; sourceTree = "<group>"; };
		3C1730491D33FF5B008256AF /* Base */ = {isa = PBXFileReference; lastKnownFileType = file.storyboard; name = Base; path = Base.lproj/Main.storyboard; sourceTree = "<group>"; };
		3C17304B1D33FF5B008256AF /* Assets.xcassets */ = {isa = PBXFileReference; lastKnownFileType = folder.assetcatalog; path = Assets.xcassets; sourceTree = "<group>"; };
		3C17304E1D33FF5B008256AF /* Base */ = {isa = PBXFileReference; lastKnownFileType = file.storyboard; name = Base; path = Base.lproj/LaunchScreen.storyboard; sourceTree = "<group>"; };
		3C1730501D33FF5B008256AF /* Info.plist */ = {isa = PBXFileReference; lastKnownFileType = text.plist.xml; path = Info.plist; sourceTree = "<group>"; };
		3CC3046F1D36E37A00001831 /* RandomType.swift */ = {isa = PBXFileReference; fileEncoding = 4; lastKnownFileType = sourcecode.swift; name = RandomType.swift; path = "View Controllers/RandomType.swift"; sourceTree = "<group>"; };
		3CC304731D36FF5C00001831 /* RandomSelector.swift */ = {isa = PBXFileReference; fileEncoding = 4; lastKnownFileType = sourcecode.swift; path = RandomSelector.swift; sourceTree = "<group>"; };
		3CE8A06F1D46BD2B00CBB524 /* Restaurando-Bridging-Header.h */ = {isa = PBXFileReference; lastKnownFileType = sourcecode.c.h; path = "Restaurando-Bridging-Header.h"; sourceTree = "<group>"; };
		5D562B3925D848EE66CFBE66 /* Pods-Restaurando.debug.xcconfig */ = {isa = PBXFileReference; includeInIndex = 1; lastKnownFileType = text.xcconfig; name = "Pods-Restaurando.debug.xcconfig"; path = "Pods/Target Support Files/Pods-Restaurando/Pods-Restaurando.debug.xcconfig"; sourceTree = "<group>"; };
		D521A49F596AC2B0403556AD /* libPods-Restaurando.a */ = {isa = PBXFileReference; explicitFileType = archive.ar; includeInIndex = 0; path = "libPods-Restaurando.a"; sourceTree = BUILT_PRODUCTS_DIR; };
		FCD80009CDC4273F481C8F65 /* Pods-Restaurando.release.xcconfig */ = {isa = PBXFileReference; includeInIndex = 1; lastKnownFileType = text.xcconfig; name = "Pods-Restaurando.release.xcconfig"; path = "Pods/Target Support Files/Pods-Restaurando/Pods-Restaurando.release.xcconfig"; sourceTree = "<group>"; };
/* End PBXFileReference section */

/* Begin PBXFrameworksBuildPhase section */
		3C17303E1D33FF5B008256AF /* Frameworks */ = {
			isa = PBXFrameworksBuildPhase;
			buildActionMask = 2147483647;
			files = (
				131BEC01C0336CCF3E2F8AF9 /* libPods-Restaurando.a in Frameworks */,
			);
			runOnlyForDeploymentPostprocessing = 0;
		};
/* End PBXFrameworksBuildPhase section */

/* Begin PBXGroup section */
		047E5D9373FEE7447EE4BD1F /* Frameworks */ = {
			isa = PBXGroup;
			children = (
				D521A49F596AC2B0403556AD /* libPods-Restaurando.a */,
			);
			name = Frameworks;
			sourceTree = "<group>";
		};
		1B9DFAAED2F8ECE2C5702114 /* Pods */ = {
			isa = PBXGroup;
			children = (
				5D562B3925D848EE66CFBE66 /* Pods-Restaurando.debug.xcconfig */,
				FCD80009CDC4273F481C8F65 /* Pods-Restaurando.release.xcconfig */,
			);
			name = Pods;
			sourceTree = "<group>";
		};
		3C1730381D33FF5B008256AF = {
			isa = PBXGroup;
			children = (
				3C1730431D33FF5B008256AF /* Restaurando */,
				3C1730421D33FF5B008256AF /* Products */,
				1B9DFAAED2F8ECE2C5702114 /* Pods */,
				047E5D9373FEE7447EE4BD1F /* Frameworks */,
			);
			sourceTree = "<group>";
		};
		3C1730421D33FF5B008256AF /* Products */ = {
			isa = PBXGroup;
			children = (
				3C1730411D33FF5B008256AF /* Restaurando.app */,
			);
			name = Products;
			sourceTree = "<group>";
		};
		3C1730431D33FF5B008256AF /* Restaurando */ = {
			isa = PBXGroup;
			children = (
				3CC3046F1D36E37A00001831 /* RandomType.swift */,
				3CC3046E1D36E35E00001831 /* View Controllers */,
				3C1730441D33FF5B008256AF /* AppDelegate.swift */,
				3C1730461D33FF5B008256AF /* ViewController.swift */,
				3C1730481D33FF5B008256AF /* Main.storyboard */,
				3C17304B1D33FF5B008256AF /* Assets.xcassets */,
				3C17304D1D33FF5B008256AF /* LaunchScreen.storyboard */,
				3C1730501D33FF5B008256AF /* Info.plist */,
				3CE8A06F1D46BD2B00CBB524 /* Restaurando-Bridging-Header.h */,
			);
			path = Restaurando;
			sourceTree = "<group>";
		};
		3CC3046E1D36E35E00001831 /* View Controllers */ = {
			isa = PBXGroup;
			children = (
				3CC304731D36FF5C00001831 /* RandomSelector.swift */,
			);
			path = "View Controllers";
			sourceTree = "<group>";
		};
/* End PBXGroup section */

/* Begin PBXNativeTarget section */
		3C1730401D33FF5B008256AF /* Restaurando */ = {
			isa = PBXNativeTarget;
			buildConfigurationList = 3C1730531D33FF5B008256AF /* Build configuration list for PBXNativeTarget "Restaurando" */;
			buildPhases = (
				241F6A01FFD4C91334B0E69D /* [CP] Check Pods Manifest.lock */,
				3C17303D1D33FF5B008256AF /* Sources */,
				3C17303E1D33FF5B008256AF /* Frameworks */,
				3C17303F1D33FF5B008256AF /* Resources */,
				86D1AE66EC73D389A012D3AC /* [CP] Embed Pods Frameworks */,
				1750114039B26C074B62F01B /* [CP] Copy Pods Resources */,
			);
			buildRules = (
			);
			dependencies = (
			);
			name = Restaurando;
			productName = Restaurando;
			productReference = 3C1730411D33FF5B008256AF /* Restaurando.app */;
			productType = "com.apple.product-type.application";
		};
/* End PBXNativeTarget section */

/* Begin PBXProject section */
		3C1730391D33FF5B008256AF /* Project object */ = {
			isa = PBXProject;
			attributes = {
				LastSwiftUpdateCheck = 0730;
				LastUpgradeCheck = 0730;
				ORGANIZATIONNAME = "Brittiny Tran";
				TargetAttributes = {
					3C1730401D33FF5B008256AF = {
						CreatedOnToolsVersion = 7.3.1;
					};
				};
			};
			buildConfigurationList = 3C17303C1D33FF5B008256AF /* Build configuration list for PBXProject "Restaurando" */;
			compatibilityVersion = "Xcode 3.2";
			developmentRegion = English;
			hasScannedForEncodings = 0;
			knownRegions = (
				en,
				Base,
			);
			mainGroup = 3C1730381D33FF5B008256AF;
			productRefGroup = 3C1730421D33FF5B008256AF /* Products */;
			projectDirPath = "";
			projectRoot = "";
			targets = (
				3C1730401D33FF5B008256AF /* Restaurando */,
			);
		};
/* End PBXProject section */

/* Begin PBXResourcesBuildPhase section */
		3C17303F1D33FF5B008256AF /* Resources */ = {
			isa = PBXResourcesBuildPhase;
			buildActionMask = 2147483647;
			files = (
				3C17304F1D33FF5B008256AF /* LaunchScreen.storyboard in Resources */,
				3C17304C1D33FF5B008256AF /* Assets.xcassets in Resources */,
				3C17304A1D33FF5B008256AF /* Main.storyboard in Resources */,
			);
			runOnlyForDeploymentPostprocessing = 0;
		};
/* End PBXResourcesBuildPhase section */

/* Begin PBXShellScriptBuildPhase section */
		1750114039B26C074B62F01B /* [CP] Copy Pods Resources */ = {
			isa = PBXShellScriptBuildPhase;
			buildActionMask = 2147483647;
			files = (
			);
			inputPaths = (
			);
			name = "[CP] Copy Pods Resources";
			outputPaths = (
			);
			runOnlyForDeploymentPostprocessing = 0;
			shellPath = /bin/sh;
			shellScript = "\"${SRCROOT}/Pods/Target Support Files/Pods-Restaurando/Pods-Restaurando-resources.sh\"\n";
			showEnvVarsInLog = 0;
		};
		241F6A01FFD4C91334B0E69D /* [CP] Check Pods Manifest.lock */ = {
			isa = PBXShellScriptBuildPhase;
			buildActionMask = 2147483647;
			files = (
			);
			inputPaths = (
			);
			name = "[CP] Check Pods Manifest.lock";
			outputPaths = (
			);
			runOnlyForDeploymentPostprocessing = 0;
			shellPath = /bin/sh;
			shellScript = "diff \"${PODS_ROOT}/../Podfile.lock\" \"${PODS_ROOT}/Manifest.lock\" > /dev/null\nif [[ $? != 0 ]] ; then\n    cat << EOM\nerror: The sandbox is not in sync with the Podfile.lock. Run 'pod install' or update your CocoaPods installation.\nEOM\n    exit 1\nfi\n";
			showEnvVarsInLog = 0;
		};
		86D1AE66EC73D389A012D3AC /* [CP] Embed Pods Frameworks */ = {
			isa = PBXShellScriptBuildPhase;
			buildActionMask = 2147483647;
			files = (
			);
			inputPaths = (
			);
			name = "[CP] Embed Pods Frameworks";
			outputPaths = (
			);
			runOnlyForDeploymentPostprocessing = 0;
			shellPath = /bin/sh;
			shellScript = "\"${SRCROOT}/Pods/Target Support Files/Pods-Restaurando/Pods-Restaurando-frameworks.sh\"\n";
			showEnvVarsInLog = 0;
		};
/* End PBXShellScriptBuildPhase section */

/* Begin PBXSourcesBuildPhase section */
		3C17303D1D33FF5B008256AF /* Sources */ = {
			isa = PBXSourcesBuildPhase;
			buildActionMask = 2147483647;
			files = (
				3C1730471D33FF5B008256AF /* ViewController.swift in Sources */,
				3CC304741D36FF5C00001831 /* RandomSelector.swift in Sources */,
				3CC304701D36E37A00001831 /* RandomType.swift in Sources */,
				3C1730451D33FF5B008256AF /* AppDelegate.swift in Sources */,
			);
			runOnlyForDeploymentPostprocessing = 0;
		};
/* End PBXSourcesBuildPhase section */

/* Begin PBXVariantGroup section */
		3C1730481D33FF5B008256AF /* Main.storyboard */ = {
			isa = PBXVariantGroup;
			children = (
				3C1730491D33FF5B008256AF /* Base */,
			);
			name = Main.storyboard;
			sourceTree = "<group>";
		};
		3C17304D1D33FF5B008256AF /* LaunchScreen.storyboard */ = {
			isa = PBXVariantGroup;
			children = (
				3C17304E1D33FF5B008256AF /* Base */,
			);
			name = LaunchScreen.storyboard;
			sourceTree = "<group>";
		};
/* End PBXVariantGroup section */

/* Begin XCBuildConfiguration section */
		3C1730511D33FF5B008256AF /* Debug */ = {
			isa = XCBuildConfiguration;
			buildSettings = {
				ALWAYS_SEARCH_USER_PATHS = NO;
				CLANG_ANALYZER_NONNULL = YES;
				CLANG_CXX_LANGUAGE_STANDARD = "gnu++0x";
				CLANG_CXX_LIBRARY = "libc++";
				CLANG_ENABLE_MODULES = YES;
				CLANG_ENABLE_OBJC_ARC = YES;
				CLANG_WARN_BOOL_CONVERSION = YES;
				CLANG_WARN_CONSTANT_CONVERSION = YES;
				CLANG_WARN_DIRECT_OBJC_ISA_USAGE = YES_ERROR;
				CLANG_WARN_EMPTY_BODY = YES;
				CLANG_WARN_ENUM_CONVERSION = YES;
				CLANG_WARN_INT_CONVERSION = YES;
				CLANG_WARN_OBJC_ROOT_CLASS = YES_ERROR;
				CLANG_WARN_UNREACHABLE_CODE = YES;
				CLANG_WARN__DUPLICATE_METHOD_MATCH = YES;
				"CODE_SIGN_IDENTITY[sdk=iphoneos*]" = "iPhone Developer";
				COPY_PHASE_STRIP = NO;
				DEBUG_INFORMATION_FORMAT = dwarf;
				ENABLE_STRICT_OBJC_MSGSEND = YES;
				ENABLE_TESTABILITY = YES;
				GCC_C_LANGUAGE_STANDARD = gnu99;
				GCC_DYNAMIC_NO_PIC = NO;
				GCC_NO_COMMON_BLOCKS = YES;
				GCC_OPTIMIZATION_LEVEL = 0;
				GCC_PREPROCESSOR_DEFINITIONS = (
					"DEBUG=1",
					"$(inherited)",
				);
				GCC_WARN_64_TO_32_BIT_CONVERSION = YES;
				GCC_WARN_ABOUT_RETURN_TYPE = YES_ERROR;
				GCC_WARN_UNDECLARED_SELECTOR = YES;
				GCC_WARN_UNINITIALIZED_AUTOS = YES_AGGRESSIVE;
				GCC_WARN_UNUSED_FUNCTION = YES;
				GCC_WARN_UNUSED_VARIABLE = YES;
				IPHONEOS_DEPLOYMENT_TARGET = 9.3;
				MTL_ENABLE_DEBUG_INFO = YES;
				ONLY_ACTIVE_ARCH = YES;
				SDKROOT = iphoneos;
				SWIFT_OPTIMIZATION_LEVEL = "-Onone";
			};
			name = Debug;
		};
		3C1730521D33FF5B008256AF /* Release */ = {
			isa = XCBuildConfiguration;
			buildSettings = {
				ALWAYS_SEARCH_USER_PATHS = NO;
				CLANG_ANALYZER_NONNULL = YES;
				CLANG_CXX_LANGUAGE_STANDARD = "gnu++0x";
				CLANG_CXX_LIBRARY = "libc++";
				CLANG_ENABLE_MODULES = YES;
				CLANG_ENABLE_OBJC_ARC = YES;
				CLANG_WARN_BOOL_CONVERSION = YES;
				CLANG_WARN_CONSTANT_CONVERSION = YES;
				CLANG_WARN_DIRECT_OBJC_ISA_USAGE = YES_ERROR;
				CLANG_WARN_EMPTY_BODY = YES;
				CLANG_WARN_ENUM_CONVERSION = YES;
				CLANG_WARN_INT_CONVERSION = YES;
				CLANG_WARN_OBJC_ROOT_CLASS = YES_ERROR;
				CLANG_WARN_UNREACHABLE_CODE = YES;
				CLANG_WARN__DUPLICATE_METHOD_MATCH = YES;
				"CODE_SIGN_IDENTITY[sdk=iphoneos*]" = "iPhone Developer";
				COPY_PHASE_STRIP = NO;
				DEBUG_INFORMATION_FORMAT = "dwarf-with-dsym";
				ENABLE_NS_ASSERTIONS = NO;
				ENABLE_STRICT_OBJC_MSGSEND = YES;
				GCC_C_LANGUAGE_STANDARD = gnu99;
				GCC_NO_COMMON_BLOCKS = YES;
				GCC_WARN_64_TO_32_BIT_CONVERSION = YES;
				GCC_WARN_ABOUT_RETURN_TYPE = YES_ERROR;
				GCC_WARN_UNDECLARED_SELECTOR = YES;
				GCC_WARN_UNINITIALIZED_AUTOS = YES_AGGRESSIVE;
				GCC_WARN_UNUSED_FUNCTION = YES;
				GCC_WARN_UNUSED_VARIABLE = YES;
				IPHONEOS_DEPLOYMENT_TARGET = 9.3;
				MTL_ENABLE_DEBUG_INFO = NO;
				SDKROOT = iphoneos;
				VALIDATE_PRODUCT = YES;
			};
			name = Release;
		};
		3C1730541D33FF5B008256AF /* Debug */ = {
			isa = XCBuildConfiguration;
			baseConfigurationReference = 5D562B3925D848EE66CFBE66 /* Pods-Restaurando.debug.xcconfig */;
			buildSettings = {
				ASSETCATALOG_COMPILER_APPICON_NAME = AppIcon;
				INFOPLIST_FILE = Restaurando/Info.plist;
				LD_RUNPATH_SEARCH_PATHS = "$(inherited) @executable_path/Frameworks";
				PRODUCT_BUNDLE_IDENTIFIER = Restaurando;
				PRODUCT_NAME = "$(TARGET_NAME)";
				SWIFT_OBJC_BRIDGING_HEADER = "Restaurando/Restaurando-Bridging-Header.h";
			};
			name = Debug;
		};
		3C1730551D33FF5B008256AF /* Release */ = {
			isa = XCBuildConfiguration;
			baseConfigurationReference = FCD80009CDC4273F481C8F65 /* Pods-Restaurando.release.xcconfig */;
			buildSettings = {
				ASSETCATALOG_COMPILER_APPICON_NAME = AppIcon;
				INFOPLIST_FILE = Restaurando/Info.plist;
				LD_RUNPATH_SEARCH_PATHS = "$(inherited) @executable_path/Frameworks";
				PRODUCT_BUNDLE_IDENTIFIER = Restaurando;
				PRODUCT_NAME = "$(TARGET_NAME)";
				SWIFT_OBJC_BRIDGING_HEADER = "Restaurando/Restaurando-Bridging-Header.h";
			};
			name = Release;
		};
/* End XCBuildConfiguration section */

/* Begin XCConfigurationList section */
		3C17303C1D33FF5B008256AF /* Build configuration list for PBXProject "Restaurando" */ = {
			isa = XCConfigurationList;
			buildConfigurations = (
				3C1730511D33FF5B008256AF /* Debug */,
				3C1730521D33FF5B008256AF /* Release */,
			);
			defaultConfigurationIsVisible = 0;
			defaultConfigurationName = Release;
		};
		3C1730531D33FF5B008256AF /* Build configuration list for PBXNativeTarget "Restaurando" */ = {
			isa = XCConfigurationList;
			buildConfigurations = (
				3C1730541D33FF5B008256AF /* Debug */,
				3C1730551D33FF5B008256AF /* Release */,
			);
			defaultConfigurationIsVisible = 0;
			defaultConfigurationName = Release;
		};
/* End XCConfigurationList section */
	};
	rootObject = 3C1730391D33FF5B008256AF /* Project object */;
}
